{
  "name": "greenfield",
  "version": "1.0.0",
  "lockfileVersion": 1,
  "requires": true,
  "dependencies": {
    "howler": {
      "version": "2.0.4",
      "resolved": "https://registry.npmjs.org/howler/-/howler-2.0.4.tgz",
      "integrity": "sha1-y9Xbh1+YM+GqYIRWiVHXiPxof5I="
    },
    "pizzicato": {
      "version": "0.6.1",
      "resolved": "https://registry.npmjs.org/pizzicato/-/pizzicato-0.6.1.tgz",
      "integrity": "sha1-OtLdBtUgN+NWVfNXavmzj6M5D7w="
    }
  }
}
